
Microsoft Visual Studio Solution File, Format Version 12.00
# Visual Studio Express 2012 for Web
Project("{FAE04EC0-301F-11D3-BF4B-00C04F79EFBC}") = "OneNightWerewolf", "OneNightWerewolf\OneNightWerewolf.csproj", "{26346B6D-2015-44E9-A9EF-34D8465529B2}"
EndProject
Project("{CC5FD16D-436D-48AD-A40C-5A424C6E3E79}") = "WindowsAzure1", "WindowsAzure1\WindowsAzure1.ccproj", "{D3DE0D70-92F0-474B-97BE-33A262EC088E}"
EndProject
Global
	GlobalSection(SolutionConfigurationPlatforms) = preSolution
		Debug|Any CPU = Debug|Any CPU
		Release|Any CPU = Release|Any CPU
	EndGlobalSection
	GlobalSection(ProjectConfigurationPlatforms) = postSolution
		{26346B6D-2015-44E9-A9EF-34D8465529B2}.Debug|Any CPU.ActiveCfg = Debug|Any CPU
		{26346B6D-2015-44E9-A9EF-34D8465529B2}.Debug|Any CPU.Build.0 = Debug|Any CPU
		{26346B6D-2015-44E9-A9EF-34D8465529B2}.Release|Any CPU.ActiveCfg = Release|Any CPU
		{26346B6D-2015-44E9-A9EF-34D8465529B2}.Release|Any CPU.Build.0 = Release|Any CPU
		{D3DE0D70-92F0-474B-97BE-33A262EC088E}.Debug|Any CPU.ActiveCfg = Debug|Any CPU
		{D3DE0D70-92F0-474B-97BE-33A262EC088E}.Debug|Any CPU.Build.0 = Debug|Any CPU
		{D3DE0D70-92F0-474B-97BE-33A262EC088E}.Release|Any CPU.ActiveCfg = Release|Any CPU
		{D3DE0D70-92F0-474B-97BE-33A262EC088E}.Release|Any CPU.Build.0 = Release|Any CPU
	EndGlobalSection
	GlobalSection(SolutionProperties) = preSolution
		HideSolutionNode = FALSE
	EndGlobalSection
EndGlobal
